PODS:
  - FMDB (2.7.11):
    - FMDB/standard (= 2.7.11)
  - FMDB/standard (2.7.11)
  - JXCategoryView (1.6.3)
  - JXPagingView/Pager (2.1.3)
  - LEEAlert (1.7.1):
    - LEEAlert/Privacy (= 1.7.1)
  - LEEAlert/Privacy (1.7.1)
  - LookinServer (1.2.8):
    - LookinServer/Core (= 1.2.8)
  - LookinServer/Core (1.2.8)
  - Masonry (1.1.0)
  - MJExtension (3.4.2)
  - MJRefresh (3.7.9)
  - MyLayout (1.9.10)

DEPENDENCIES:
  - FMDB
  - JXCategoryView (from `../../JXCategoryView`)
  - JXPagingView/Pager
  - LEEAlert
  - LookinServer
  - Masonry
  - MJExtension
  - MJRefresh
  - MyLayout

SPEC REPOS:
  https://github.com/CocoaPods/Specs.git:
    - FMDB
    - JXPagingView
    - LEEAlert
    - LookinServer
    - Masonry
    - MJExtension
    - MJRefresh
    - MyLayout

EXTERNAL SOURCES:
  JXCategoryView:
    :path: "../../JXCategoryView"

SPEC CHECKSUMS:
  FMDB: 57486c1117fd8e0e6b947b2f54c3f42bf8e57a4e
  JXCategoryView: 99cbbab7ed3fd2cb2484208c9f39461820d10a13
  JXPagingView: afdd2e9af09c90160dd232b970d603cc6e7ddd0e
  LEEAlert: 79a42cf9b0b82b1d451f40f07558b101e5e00774
  LookinServer: 1b2b61c6402ae29fa22182d48f5cd067b4e99e80
  Masonry: 678fab65091a9290e40e2832a55e7ab731aad201
  MJExtension: e97d164cb411aa9795cf576093a1fa208b4a8dd8
  MJRefresh: ff9e531227924c84ce459338414550a05d2aea78
  MyLayout: 39ee012bd780936c973bdc5d8ce0f84e3de489d7

PODFILE CHECKSUM: 274822eec32e745e6e90089709ee28f65c8f12f3

COCOAPODS: 1.15.2
